
Microsoft Visual Studio Solution File, Format Version 12.00
# Visual Studio Version 16
VisualStudioVersion = 16.0.29326.143
MinimumVisualStudioVersion = 10.0.40219.1
Project("{FAE04EC0-301F-11D3-BF4B-00C04F79EFBC}") = "VehicleUpdate", "VehicleUpdate\VehicleUpdate.csproj", "{3A3126F2-73A6-429C-98BD-7379F209ACF8}"
EndProject
Project("{FAE04EC0-301F-11D3-BF4B-00C04F79EFBC}") = "GodMode", "GodMode\GodMode.csproj", "{87F7F8E6-3654-44BC-A4BF-DD6EB881E993}"
EndProject
Project("{FAE04EC0-301F-11D3-BF4B-00C04F79EFBC}") = "BetterVertexMover", "BetterVertexMover\BetterVertexMover.csproj", "{78943956-24DE-4F0E-8855-D7AB5A3C91BF}"
EndProject
Project("{FAE04EC0-301F-11D3-BF4B-00C04F79EFBC}") = "ScriptableControls", "ScriptableControls\ScriptableControls.csproj", "{AD9A94C1-00CB-42D2-9D1A-621176B04180}"
EndProject
Project("{FAE04EC0-301F-11D3-BF4B-00C04F79EFBC}") = "Foundation", "Foundation\Foundation.csproj", "{9A6E0442-816F-4D8A-A86C-037BA2A3783E}"
EndProject
Project("{FAE04EC0-301F-11D3-BF4B-00C04F79EFBC}") = "PersonalizedUI", "PersonalizedUI\PersonalizedUI.csproj", "{17FF3800-85BA-45C0-B7F3-7F43C53890D2}"
EndProject
Project("{FAE04EC0-301F-11D3-BF4B-00C04F79EFBC}") = "MultiLevelUndo", "MultiLevelUndo\MultiLevelUndo.csproj", "{86919A48-D2DD-4A1D-AEAC-36587F03B62B}"
EndProject
Project("{FAE04EC0-301F-11D3-BF4B-00C04F79EFBC}") = "BionicArms", "BionicArms\BionicArms.csproj", "{EFF6824C-228F-4A14-93BD-54745811B1CC}"
EndProject
Global
	GlobalSection(SolutionConfigurationPlatforms) = preSolution
		Debug|Any CPU = Debug|Any CPU
		Release|Any CPU = Release|Any CPU
	EndGlobalSection
	GlobalSection(ProjectConfigurationPlatforms) = postSolution
		{3A3126F2-73A6-429C-98BD-7379F209ACF8}.Debug|Any CPU.ActiveCfg = Debug|Any CPU
		{3A3126F2-73A6-429C-98BD-7379F209ACF8}.Debug|Any CPU.Build.0 = Debug|Any CPU
		{3A3126F2-73A6-429C-98BD-7379F209ACF8}.Release|Any CPU.ActiveCfg = Release|Any CPU
		{3A3126F2-73A6-429C-98BD-7379F209ACF8}.Release|Any CPU.Build.0 = Release|Any CPU
		{87F7F8E6-3654-44BC-A4BF-DD6EB881E993}.Debug|Any CPU.ActiveCfg = Debug|Any CPU
		{87F7F8E6-3654-44BC-A4BF-DD6EB881E993}.Debug|Any CPU.Build.0 = Debug|Any CPU
		{87F7F8E6-3654-44BC-A4BF-DD6EB881E993}.Release|Any CPU.ActiveCfg = Release|Any CPU
		{87F7F8E6-3654-44BC-A4BF-DD6EB881E993}.Release|Any CPU.Build.0 = Release|Any CPU
		{78943956-24DE-4F0E-8855-D7AB5A3C91BF}.Debug|Any CPU.ActiveCfg = Debug|Any CPU
		{78943956-24DE-4F0E-8855-D7AB5A3C91BF}.Debug|Any CPU.Build.0 = Debug|Any CPU
		{78943956-24DE-4F0E-8855-D7AB5A3C91BF}.Release|Any CPU.ActiveCfg = Release|Any CPU
		{78943956-24DE-4F0E-8855-D7AB5A3C91BF}.Release|Any CPU.Build.0 = Release|Any CPU
		{AD9A94C1-00CB-42D2-9D1A-621176B04180}.Debug|Any CPU.ActiveCfg = Debug|Any CPU
		{AD9A94C1-00CB-42D2-9D1A-621176B04180}.Debug|Any CPU.Build.0 = Debug|Any CPU
		{AD9A94C1-00CB-42D2-9D1A-621176B04180}.Release|Any CPU.ActiveCfg = Release|Any CPU
		{AD9A94C1-00CB-42D2-9D1A-621176B04180}.Release|Any CPU.Build.0 = Release|Any CPU
		{9A6E0442-816F-4D8A-A86C-037BA2A3783E}.Debug|Any CPU.ActiveCfg = Debug|Any CPU
		{9A6E0442-816F-4D8A-A86C-037BA2A3783E}.Debug|Any CPU.Build.0 = Debug|Any CPU
		{9A6E0442-816F-4D8A-A86C-037BA2A3783E}.Release|Any CPU.ActiveCfg = Release|Any CPU
		{9A6E0442-816F-4D8A-A86C-037BA2A3783E}.Release|Any CPU.Build.0 = Release|Any CPU
		{17FF3800-85BA-45C0-B7F3-7F43C53890D2}.Debug|Any CPU.ActiveCfg = Debug|Any CPU
		{17FF3800-85BA-45C0-B7F3-7F43C53890D2}.Debug|Any CPU.Build.0 = Debug|Any CPU
		{17FF3800-85BA-45C0-B7F3-7F43C53890D2}.Release|Any CPU.ActiveCfg = Release|Any CPU
		{17FF3800-85BA-45C0-B7F3-7F43C53890D2}.Release|Any CPU.Build.0 = Release|Any CPU
		{86919A48-D2DD-4A1D-AEAC-36587F03B62B}.Debug|Any CPU.ActiveCfg = Debug|Any CPU
		{86919A48-D2DD-4A1D-AEAC-36587F03B62B}.Debug|Any CPU.Build.0 = Debug|Any CPU
		{86919A48-D2DD-4A1D-AEAC-36587F03B62B}.Release|Any CPU.ActiveCfg = Release|Any CPU
		{86919A48-D2DD-4A1D-AEAC-36587F03B62B}.Release|Any CPU.Build.0 = Release|Any CPU
		{EFF6824C-228F-4A14-93BD-54745811B1CC}.Debug|Any CPU.ActiveCfg = Debug|Any CPU
		{EFF6824C-228F-4A14-93BD-54745811B1CC}.Debug|Any CPU.Build.0 = Debug|Any CPU
		{EFF6824C-228F-4A14-93BD-54745811B1CC}.Release|Any CPU.ActiveCfg = Release|Any CPU
		{EFF6824C-228F-4A14-93BD-54745811B1CC}.Release|Any CPU.Build.0 = Release|Any CPU
	EndGlobalSection
	GlobalSection(SolutionProperties) = preSolution
		HideSolutionNode = FALSE
	EndGlobalSection
	GlobalSection(ExtensibilityGlobals) = postSolution
		SolutionGuid = {94684B12-6030-429D-83F5-F5908859FC01}
	EndGlobalSection
EndGlobal
